
Microsoft Visual Studio Solution File, Format Version 12.00
# Visual Studio Version 17
VisualStudioVersion = 17.14.36518.9 d17.14
MinimumVisualStudioVersion = 10.0.40219.1
Project("{FAE04EC0-301F-11D3-BF4B-00C04F79EFBC}") = "asalmi", "asalmi\asalmi.csproj", "{77E670DC-4F17-4EDD-8740-B3906FD382F0}"
EndProject
Global
	GlobalSection(SolutionConfigurationPlatforms) = preSolution
		Debug|Any CPU = Debug|Any CPU
		Release|Any CPU = Release|Any CPU
	EndGlobalSection
	GlobalSection(ProjectConfigurationPlatforms) = postSolution
		{77E670DC-4F17-4EDD-8740-B3906FD382F0}.Debug|Any CPU.ActiveCfg = Debug|Any CPU
		{77E670DC-4F17-4EDD-8740-B3906FD382F0}.Debug|Any CPU.Build.0 = Debug|Any CPU
		{77E670DC-4F17-4EDD-8740-B3906FD382F0}.Release|Any CPU.ActiveCfg = Release|Any CPU
		{77E670DC-4F17-4EDD-8740-B3906FD382F0}.Release|Any CPU.Build.0 = Release|Any CPU
	EndGlobalSection
	GlobalSection(SolutionProperties) = preSolution
		HideSolutionNode = FALSE
	EndGlobalSection
	GlobalSection(ExtensibilityGlobals) = postSolution
		SolutionGuid = {3A5C867E-462F-4A00-9493-26D264166771}
	EndGlobalSection
EndGlobal
