
Microsoft Visual Studio Solution File, Format Version 12.00
# Visual Studio Version 17
VisualStudioVersion = 17.14.36518.9 d17.14
MinimumVisualStudioVersion = 10.0.40219.1
Project("{FAE04EC0-301F-11D3-BF4B-00C04F79EFBC}") = "dogrukutu", "dogrukutu\dogrukutu.csproj", "{31EC9A2B-AE54-4279-824E-E029E27C348B}"
EndProject
Global
	GlobalSection(SolutionConfigurationPlatforms) = preSolution
		Debug|Any CPU = Debug|Any CPU
		Release|Any CPU = Release|Any CPU
	EndGlobalSection
	GlobalSection(ProjectConfigurationPlatforms) = postSolution
		{31EC9A2B-AE54-4279-824E-E029E27C348B}.Debug|Any CPU.ActiveCfg = Debug|Any CPU
		{31EC9A2B-AE54-4279-824E-E029E27C348B}.Debug|Any CPU.Build.0 = Debug|Any CPU
		{31EC9A2B-AE54-4279-824E-E029E27C348B}.Release|Any CPU.ActiveCfg = Release|Any CPU
		{31EC9A2B-AE54-4279-824E-E029E27C348B}.Release|Any CPU.Build.0 = Release|Any CPU
	EndGlobalSection
	GlobalSection(SolutionProperties) = preSolution
		HideSolutionNode = FALSE
	EndGlobalSection
	GlobalSection(ExtensibilityGlobals) = postSolution
		SolutionGuid = {7542D0E1-65A8-4A39-A60A-4AAB63B09C84}
	EndGlobalSection
EndGlobal
