
Microsoft Visual Studio Solution File, Format Version 12.00
# Visual Studio Version 17
VisualStudioVersion = 17.14.36518.9 d17.14
MinimumVisualStudioVersion = 10.0.40219.1
Project("{FAE04EC0-301F-11D3-BF4B-00C04F79EFBC}") = "vize10", "vize10\vize10.csproj", "{CCAD240F-1D0B-4349-B9EF-B9BB14F085DA}"
EndProject
Global
	GlobalSection(SolutionConfigurationPlatforms) = preSolution
		Debug|Any CPU = Debug|Any CPU
		Release|Any CPU = Release|Any CPU
	EndGlobalSection
	GlobalSection(ProjectConfigurationPlatforms) = postSolution
		{CCAD240F-1D0B-4349-B9EF-B9BB14F085DA}.Debug|Any CPU.ActiveCfg = Debug|Any CPU
		{CCAD240F-1D0B-4349-B9EF-B9BB14F085DA}.Debug|Any CPU.Build.0 = Debug|Any CPU
		{CCAD240F-1D0B-4349-B9EF-B9BB14F085DA}.Release|Any CPU.ActiveCfg = Release|Any CPU
		{CCAD240F-1D0B-4349-B9EF-B9BB14F085DA}.Release|Any CPU.Build.0 = Release|Any CPU
	EndGlobalSection
	GlobalSection(SolutionProperties) = preSolution
		HideSolutionNode = FALSE
	EndGlobalSection
	GlobalSection(ExtensibilityGlobals) = postSolution
		SolutionGuid = {B5917366-5FA1-4EF1-AEFD-2AC8CAA17534}
	EndGlobalSection
EndGlobal
