
Microsoft Visual Studio Solution File, Format Version 12.00
# Visual Studio Version 17
VisualStudioVersion = 17.14.36518.9 d17.14
MinimumVisualStudioVersion = 10.0.40219.1
Project("{FAE04EC0-301F-11D3-BF4B-00C04F79EFBC}") = "vize8", "vize8\vize8.csproj", "{46E2D048-BA62-4472-B8BE-2392B1925290}"
EndProject
Global
	GlobalSection(SolutionConfigurationPlatforms) = preSolution
		Debug|Any CPU = Debug|Any CPU
		Release|Any CPU = Release|Any CPU
	EndGlobalSection
	GlobalSection(ProjectConfigurationPlatforms) = postSolution
		{46E2D048-BA62-4472-B8BE-2392B1925290}.Debug|Any CPU.ActiveCfg = Debug|Any CPU
		{46E2D048-BA62-4472-B8BE-2392B1925290}.Debug|Any CPU.Build.0 = Debug|Any CPU
		{46E2D048-BA62-4472-B8BE-2392B1925290}.Release|Any CPU.ActiveCfg = Release|Any CPU
		{46E2D048-BA62-4472-B8BE-2392B1925290}.Release|Any CPU.Build.0 = Release|Any CPU
	EndGlobalSection
	GlobalSection(SolutionProperties) = preSolution
		HideSolutionNode = FALSE
	EndGlobalSection
	GlobalSection(ExtensibilityGlobals) = postSolution
		SolutionGuid = {0A0FB95F-C621-44A5-A186-3DC66B3666A7}
	EndGlobalSection
EndGlobal
